
Microsoft Visual Studio Solution File, Format Version 12.00
# Visual Studio 15
VisualStudioVersion = 15.0.27004.2010
MinimumVisualStudioVersion = 10.0.40219.1
Project("{FAE04EC0-301F-11D3-BF4B-00C04F79EFBC}") = "CourseScheduler", "CourseScheduler\CourseScheduler.csproj", "{1889F485-9D3F-4239-B057-B6A64AA93341}"
EndProject
Project("{FAE04EC0-301F-11D3-BF4B-00C04F79EFBC}") = "CourseScheduler.Tests", "CourseScheduler.Tests\CourseScheduler.Tests.csproj", "{C2F2A619-F102-4F6C-B50C-E63648C886B0}"
EndProject
Global
	GlobalSection(SolutionConfigurationPlatforms) = preSolution
		Debug|Any CPU = Debug|Any CPU
		Release|Any CPU = Release|Any CPU
	EndGlobalSection
	GlobalSection(ProjectConfigurationPlatforms) = postSolution
		{1889F485-9D3F-4239-B057-B6A64AA93341}.Debug|Any CPU.ActiveCfg = Debug|Any CPU
		{1889F485-9D3F-4239-B057-B6A64AA93341}.Debug|Any CPU.Build.0 = Debug|Any CPU
		{1889F485-9D3F-4239-B057-B6A64AA93341}.Release|Any CPU.ActiveCfg = Release|Any CPU
		{1889F485-9D3F-4239-B057-B6A64AA93341}.Release|Any CPU.Build.0 = Release|Any CPU
		{C2F2A619-F102-4F6C-B50C-E63648C886B0}.Debug|Any CPU.ActiveCfg = Debug|Any CPU
		{C2F2A619-F102-4F6C-B50C-E63648C886B0}.Debug|Any CPU.Build.0 = Debug|Any CPU
		{C2F2A619-F102-4F6C-B50C-E63648C886B0}.Release|Any CPU.ActiveCfg = Release|Any CPU
		{C2F2A619-F102-4F6C-B50C-E63648C886B0}.Release|Any CPU.Build.0 = Release|Any CPU
	EndGlobalSection
	GlobalSection(SolutionProperties) = preSolution
		HideSolutionNode = FALSE
	EndGlobalSection
	GlobalSection(ExtensibilityGlobals) = postSolution
		SolutionGuid = {B8649713-2714-42F7-86DC-CE2663196045}
	EndGlobalSection
EndGlobal
